
Microsoft Visual Studio Solution File, Format Version 12.00
# Visual Studio Version 16
VisualStudioVersion = 16.0.29728.190
MinimumVisualStudioVersion = 15.0.26124.0
Project("{9A19103F-16F7-4668-BE54-9A1E7A4F7556}") = "Calculator", "Calculator\Calculator.csproj", "{252E78AC-51A3-4761-BE6F-7D030F87A545}"
EndProject
Project("{9A19103F-16F7-4668-BE54-9A1E7A4F7556}") = "Calculator.Tests", "Calculator.Tests\Calculator.Tests.csproj", "{E4BD4ECD-141C-4E92-9CA2-A2BAB856F34D}"
EndProject
Global
	GlobalSection(SolutionConfigurationPlatforms) = preSolution
		Debug|Any CPU = Debug|Any CPU
		Debug|x64 = Debug|x64
		Debug|x86 = Debug|x86
		Release|Any CPU = Release|Any CPU
		Release|x64 = Release|x64
		Release|x86 = Release|x86
	EndGlobalSection
	GlobalSection(ProjectConfigurationPlatforms) = postSolution
		{252E78AC-51A3-4761-BE6F-7D030F87A545}.Debug|Any CPU.ActiveCfg = Debug|Any CPU
		{252E78AC-51A3-4761-BE6F-7D030F87A545}.Debug|Any CPU.Build.0 = Debug|Any CPU
		{252E78AC-51A3-4761-BE6F-7D030F87A545}.Debug|x64.ActiveCfg = Debug|Any CPU
		{252E78AC-51A3-4761-BE6F-7D030F87A545}.Debug|x64.Build.0 = Debug|Any CPU
		{252E78AC-51A3-4761-BE6F-7D030F87A545}.Debug|x86.ActiveCfg = Debug|Any CPU
		{252E78AC-51A3-4761-BE6F-7D030F87A545}.Debug|x86.Build.0 = Debug|Any CPU
		{252E78AC-51A3-4761-BE6F-7D030F87A545}.Release|Any CPU.ActiveCfg = Release|Any CPU
		{252E78AC-51A3-4761-BE6F-7D030F87A545}.Release|Any CPU.Build.0 = Release|Any CPU
		{252E78AC-51A3-4761-BE6F-7D030F87A545}.Release|x64.ActiveCfg = Release|Any CPU
		{252E78AC-51A3-4761-BE6F-7D030F87A545}.Release|x64.Build.0 = Release|Any CPU
		{252E78AC-51A3-4761-BE6F-7D030F87A545}.Release|x86.ActiveCfg = Release|Any CPU
		{252E78AC-51A3-4761-BE6F-7D030F87A545}.Release|x86.Build.0 = Release|Any CPU
		{E4BD4ECD-141C-4E92-9CA2-A2BAB856F34D}.Debug|Any CPU.ActiveCfg = Debug|Any CPU
		{E4BD4ECD-141C-4E92-9CA2-A2BAB856F34D}.Debug|Any CPU.Build.0 = Debug|Any CPU
		{E4BD4ECD-141C-4E92-9CA2-A2BAB856F34D}.Debug|x64.ActiveCfg = Debug|Any CPU
		{E4BD4ECD-141C-4E92-9CA2-A2BAB856F34D}.Debug|x64.Build.0 = Debug|Any CPU
		{E4BD4ECD-141C-4E92-9CA2-A2BAB856F34D}.Debug|x86.ActiveCfg = Debug|Any CPU
		{E4BD4ECD-141C-4E92-9CA2-A2BAB856F34D}.Debug|x86.Build.0 = Debug|Any CPU
		{E4BD4ECD-141C-4E92-9CA2-A2BAB856F34D}.Release|Any CPU.ActiveCfg = Release|Any CPU
		{E4BD4ECD-141C-4E92-9CA2-A2BAB856F34D}.Release|Any CPU.Build.0 = Release|Any CPU
		{E4BD4ECD-141C-4E92-9CA2-A2BAB856F34D}.Release|x64.ActiveCfg = Release|Any CPU
		{E4BD4ECD-141C-4E92-9CA2-A2BAB856F34D}.Release|x64.Build.0 = Release|Any CPU
		{E4BD4ECD-141C-4E92-9CA2-A2BAB856F34D}.Release|x86.ActiveCfg = Release|Any CPU
		{E4BD4ECD-141C-4E92-9CA2-A2BAB856F34D}.Release|x86.Build.0 = Release|Any CPU
	EndGlobalSection
	GlobalSection(SolutionProperties) = preSolution
		HideSolutionNode = FALSE
	EndGlobalSection
	GlobalSection(ExtensibilityGlobals) = postSolution
		SolutionGuid = {47B1444C-101A-48E2-B61A-A739B4F45CF9}
	EndGlobalSection
EndGlobal
